
Microsoft Visual Studio Solution File, Format Version 12.00
Project("{FAE04EC0-301F-11D3-BF4B-00C04F79EFBC}") = "Presentation", "Presentation\Presentation.csproj", "{4CE8A109-83A4-41E5-9764-9D0836759F81}"
EndProject
Project("{FAE04EC0-301F-11D3-BF4B-00C04F79EFBC}") = "Infrastructure", "Infrastructure\Infrastructure.csproj", "{1D98CEA5-E9A2-4658-9942-EAA77B478B9A}"
EndProject
Project("{FAE04EC0-301F-11D3-BF4B-00C04F79EFBC}") = "Domain", "Domain\Domain.csproj", "{EA59683C-6C21-4E17-B4B3-49477040594D}"
EndProject
Project("{FAE04EC0-301F-11D3-BF4B-00C04F79EFBC}") = "Application", "Application\Application.csproj", "{81FBB339-E41B-4E97-9441-5829BEF41DFC}"
EndProject
Project("{FAE04EC0-301F-11D3-BF4B-00C04F79EFBC}") = "Domain.Tests", "Domain.Tests\Domain.Tests.csproj", "{DEFB72C9-BF85-478A-8F39-9B3FDA82BF3D}"
EndProject
Project("{FAE04EC0-301F-11D3-BF4B-00C04F79EFBC}") = "Presentation.Tests", "Presentation.Tests\Presentation.Tests.csproj", "{78945B13-6571-41F7-BDF1-24618D482FC3}"
EndProject
Project("{FAE04EC0-301F-11D3-BF4B-00C04F79EFBC}") = "Application.Tests", "Application.Tests\Application.Tests.csproj", "{5C8E4533-6A32-4A2D-BF49-61BF5A3C7B0E}"
EndProject
Project("{2150E333-8FDC-42A3-9474-1A3956D46DE8}") = "workflows", "workflows", "{FE4A530A-601B-4F1D-A3F2-A4311DA44C32}"
EndProject
Project("{FAE04EC0-301F-11D3-BF4B-00C04F79EFBC}") = "Infrastructure.Tests", "Infrastructure.Tests\Infrastructure.Tests.csproj", "{8109CBDA-60FB-46D8-923A-DCB3B11AAECA}"
EndProject
Project("{2150E333-8FDC-42A3-9474-1A3956D46DE8}") = "Src", "Src", "{5B327639-9760-451D-BBDD-B7052369D5BB}"
EndProject
Project("{2150E333-8FDC-42A3-9474-1A3956D46DE8}") = "Tests", "Tests", "{E0350F6F-7AF4-433B-9928-CA7F7B2F0275}"
EndProject
Global
	GlobalSection(SolutionConfigurationPlatforms) = preSolution
		Debug|Any CPU = Debug|Any CPU
		Release|Any CPU = Release|Any CPU
	EndGlobalSection
	GlobalSection(ProjectConfigurationPlatforms) = postSolution
		{4CE8A109-83A4-41E5-9764-9D0836759F81}.Debug|Any CPU.ActiveCfg = Debug|Any CPU
		{4CE8A109-83A4-41E5-9764-9D0836759F81}.Debug|Any CPU.Build.0 = Debug|Any CPU
		{4CE8A109-83A4-41E5-9764-9D0836759F81}.Release|Any CPU.ActiveCfg = Release|Any CPU
		{4CE8A109-83A4-41E5-9764-9D0836759F81}.Release|Any CPU.Build.0 = Release|Any CPU
		{1D98CEA5-E9A2-4658-9942-EAA77B478B9A}.Debug|Any CPU.ActiveCfg = Debug|Any CPU
		{1D98CEA5-E9A2-4658-9942-EAA77B478B9A}.Debug|Any CPU.Build.0 = Debug|Any CPU
		{1D98CEA5-E9A2-4658-9942-EAA77B478B9A}.Release|Any CPU.ActiveCfg = Release|Any CPU
		{1D98CEA5-E9A2-4658-9942-EAA77B478B9A}.Release|Any CPU.Build.0 = Release|Any CPU
		{EA59683C-6C21-4E17-B4B3-49477040594D}.Debug|Any CPU.ActiveCfg = Debug|Any CPU
		{EA59683C-6C21-4E17-B4B3-49477040594D}.Debug|Any CPU.Build.0 = Debug|Any CPU
		{EA59683C-6C21-4E17-B4B3-49477040594D}.Release|Any CPU.ActiveCfg = Release|Any CPU
		{EA59683C-6C21-4E17-B4B3-49477040594D}.Release|Any CPU.Build.0 = Release|Any CPU
		{81FBB339-E41B-4E97-9441-5829BEF41DFC}.Debug|Any CPU.ActiveCfg = Debug|Any CPU
		{81FBB339-E41B-4E97-9441-5829BEF41DFC}.Debug|Any CPU.Build.0 = Debug|Any CPU
		{81FBB339-E41B-4E97-9441-5829BEF41DFC}.Release|Any CPU.ActiveCfg = Release|Any CPU
		{81FBB339-E41B-4E97-9441-5829BEF41DFC}.Release|Any CPU.Build.0 = Release|Any CPU
		{DEFB72C9-BF85-478A-8F39-9B3FDA82BF3D}.Debug|Any CPU.ActiveCfg = Debug|Any CPU
		{DEFB72C9-BF85-478A-8F39-9B3FDA82BF3D}.Debug|Any CPU.Build.0 = Debug|Any CPU
		{DEFB72C9-BF85-478A-8F39-9B3FDA82BF3D}.Release|Any CPU.ActiveCfg = Release|Any CPU
		{DEFB72C9-BF85-478A-8F39-9B3FDA82BF3D}.Release|Any CPU.Build.0 = Release|Any CPU
		{78945B13-6571-41F7-BDF1-24618D482FC3}.Debug|Any CPU.ActiveCfg = Debug|Any CPU
		{78945B13-6571-41F7-BDF1-24618D482FC3}.Debug|Any CPU.Build.0 = Debug|Any CPU
		{78945B13-6571-41F7-BDF1-24618D482FC3}.Release|Any CPU.ActiveCfg = Release|Any CPU
		{78945B13-6571-41F7-BDF1-24618D482FC3}.Release|Any CPU.Build.0 = Release|Any CPU
		{5C8E4533-6A32-4A2D-BF49-61BF5A3C7B0E}.Debug|Any CPU.ActiveCfg = Debug|Any CPU
		{5C8E4533-6A32-4A2D-BF49-61BF5A3C7B0E}.Debug|Any CPU.Build.0 = Debug|Any CPU
		{5C8E4533-6A32-4A2D-BF49-61BF5A3C7B0E}.Release|Any CPU.ActiveCfg = Release|Any CPU
		{5C8E4533-6A32-4A2D-BF49-61BF5A3C7B0E}.Release|Any CPU.Build.0 = Release|Any CPU
		{8109CBDA-60FB-46D8-923A-DCB3B11AAECA}.Debug|Any CPU.ActiveCfg = Debug|Any CPU
		{8109CBDA-60FB-46D8-923A-DCB3B11AAECA}.Debug|Any CPU.Build.0 = Debug|Any CPU
		{8109CBDA-60FB-46D8-923A-DCB3B11AAECA}.Release|Any CPU.ActiveCfg = Release|Any CPU
		{8109CBDA-60FB-46D8-923A-DCB3B11AAECA}.Release|Any CPU.Build.0 = Release|Any CPU
	EndGlobalSection
	GlobalSection(NestedProjects) = preSolution
		{81FBB339-E41B-4E97-9441-5829BEF41DFC} = {5B327639-9760-451D-BBDD-B7052369D5BB}
		{EA59683C-6C21-4E17-B4B3-49477040594D} = {5B327639-9760-451D-BBDD-B7052369D5BB}
		{1D98CEA5-E9A2-4658-9942-EAA77B478B9A} = {5B327639-9760-451D-BBDD-B7052369D5BB}
		{4CE8A109-83A4-41E5-9764-9D0836759F81} = {5B327639-9760-451D-BBDD-B7052369D5BB}
		{5C8E4533-6A32-4A2D-BF49-61BF5A3C7B0E} = {E0350F6F-7AF4-433B-9928-CA7F7B2F0275}
		{DEFB72C9-BF85-478A-8F39-9B3FDA82BF3D} = {E0350F6F-7AF4-433B-9928-CA7F7B2F0275}
		{8109CBDA-60FB-46D8-923A-DCB3B11AAECA} = {E0350F6F-7AF4-433B-9928-CA7F7B2F0275}
		{78945B13-6571-41F7-BDF1-24618D482FC3} = {E0350F6F-7AF4-433B-9928-CA7F7B2F0275}
	EndGlobalSection
EndGlobal
